
Microsoft Visual Studio Solution File, Format Version 12.00
# Visual Studio Version 17
VisualStudioVersion = 17.5.2.0
MinimumVisualStudioVersion = 10.0.40219.1
Project("{FAE04EC0-301F-11D3-BF4B-00C04F79EFBC}") = "MyApp", "MyApp\MyApp.csproj", "{D8495696-776F-DF62-4486-C5C1C6F08BD3}"
EndProject
Project("{2150E333-8FDC-42A3-9474-1A3956D46DE8}") = "st", "st", "{A63383F6-DE8F-CADF-7427-074415075431}"
EndProject
Project("{2150E333-8FDC-42A3-9474-1A3956D46DE8}") = "st01", "st01", "{D0AE727C-68E5-35A9-0821-39DD8B8E140B}"
EndProject
Project("{FAE04EC0-301F-11D3-BF4B-00C04F79EFBC}") = "ST01", "st\st01\ST01.csproj", "{9FAFD1F5-7E78-4E83-BB6E-804F3C521E74}"
EndProject
Project("{2150E333-8FDC-42A3-9474-1A3956D46DE8}") = "st02", "st02", "{94FA2987-E715-36E5-3E14-1825DBBE6621}"
EndProject
Project("{FAE04EC0-301F-11D3-BF4B-00C04F79EFBC}") = "ST02", "st\st02\ST02.csproj", "{A285D8C0-0162-4057-8806-55234A673E98}"
EndProject
Project("{2150E333-8FDC-42A3-9474-1A3956D46DE8}") = "st03", "st03", "{EFE19FF9-8007-3E27-C0D4-B9D16E6A623B}"
EndProject
Project("{FAE04EC0-301F-11D3-BF4B-00C04F79EFBC}") = "ST03", "st\st03\ST03.csproj", "{7D7C21C2-06C2-487F-9680-3E43F0067C6B}"
EndProject
Project("{2150E333-8FDC-42A3-9474-1A3956D46DE8}") = "st04", "st04", "{19B880DA-2394-B7A2-BC64-4D9161B063DD}"
EndProject
Project("{FAE04EC0-301F-11D3-BF4B-00C04F79EFBC}") = "ST04", "st\st04\ST04.csproj", "{8FF7C27D-72E3-4400-AA86-EB312588F426}"
EndProject
Project("{FAE04EC0-301F-11D3-BF4B-00C04F79EFBC}") = "ClickGame", "ClickGame\ClickGame.csproj", "{46DAB892-78CE-40C4-9C57-F6E9FADD170C}"
EndProject
Project("{2150E333-8FDC-42A3-9474-1A3956D46DE8}") = "st05", "st05", "{9B99F654-527D-DBB6-C3D9-33090DC2F723}"
EndProject
Project("{FAE04EC0-301F-11D3-BF4B-00C04F79EFBC}") = "ST05", "st\st05\ST05.csproj", "{6B1FCC8E-0321-4C4C-876D-915622C62715}"
EndProject
Global
	GlobalSection(SolutionConfigurationPlatforms) = preSolution
		Debug|Any CPU = Debug|Any CPU
		Debug|x64 = Debug|x64
		Debug|x86 = Debug|x86
		Release|Any CPU = Release|Any CPU
		Release|x64 = Release|x64
		Release|x86 = Release|x86
	EndGlobalSection
	GlobalSection(ProjectConfigurationPlatforms) = postSolution
		{D8495696-776F-DF62-4486-C5C1C6F08BD3}.Debug|Any CPU.ActiveCfg = Debug|Any CPU
		{D8495696-776F-DF62-4486-C5C1C6F08BD3}.Debug|Any CPU.Build.0 = Debug|Any CPU
		{D8495696-776F-DF62-4486-C5C1C6F08BD3}.Debug|x64.ActiveCfg = Debug|Any CPU
		{D8495696-776F-DF62-4486-C5C1C6F08BD3}.Debug|x64.Build.0 = Debug|Any CPU
		{D8495696-776F-DF62-4486-C5C1C6F08BD3}.Debug|x86.ActiveCfg = Debug|Any CPU
		{D8495696-776F-DF62-4486-C5C1C6F08BD3}.Debug|x86.Build.0 = Debug|Any CPU
		{D8495696-776F-DF62-4486-C5C1C6F08BD3}.Release|Any CPU.ActiveCfg = Release|Any CPU
		{D8495696-776F-DF62-4486-C5C1C6F08BD3}.Release|Any CPU.Build.0 = Release|Any CPU
		{D8495696-776F-DF62-4486-C5C1C6F08BD3}.Release|x64.ActiveCfg = Release|Any CPU
		{D8495696-776F-DF62-4486-C5C1C6F08BD3}.Release|x64.Build.0 = Release|Any CPU
		{D8495696-776F-DF62-4486-C5C1C6F08BD3}.Release|x86.ActiveCfg = Release|Any CPU
		{D8495696-776F-DF62-4486-C5C1C6F08BD3}.Release|x86.Build.0 = Release|Any CPU
		{9FAFD1F5-7E78-4E83-BB6E-804F3C521E74}.Debug|Any CPU.ActiveCfg = Debug|Any CPU
		{9FAFD1F5-7E78-4E83-BB6E-804F3C521E74}.Debug|Any CPU.Build.0 = Debug|Any CPU
		{9FAFD1F5-7E78-4E83-BB6E-804F3C521E74}.Debug|x64.ActiveCfg = Debug|Any CPU
		{9FAFD1F5-7E78-4E83-BB6E-804F3C521E74}.Debug|x64.Build.0 = Debug|Any CPU
		{9FAFD1F5-7E78-4E83-BB6E-804F3C521E74}.Debug|x86.ActiveCfg = Debug|Any CPU
		{9FAFD1F5-7E78-4E83-BB6E-804F3C521E74}.Debug|x86.Build.0 = Debug|Any CPU
		{9FAFD1F5-7E78-4E83-BB6E-804F3C521E74}.Release|Any CPU.ActiveCfg = Release|Any CPU
		{9FAFD1F5-7E78-4E83-BB6E-804F3C521E74}.Release|Any CPU.Build.0 = Release|Any CPU
		{9FAFD1F5-7E78-4E83-BB6E-804F3C521E74}.Release|x64.ActiveCfg = Release|Any CPU
		{9FAFD1F5-7E78-4E83-BB6E-804F3C521E74}.Release|x64.Build.0 = Release|Any CPU
		{9FAFD1F5-7E78-4E83-BB6E-804F3C521E74}.Release|x86.ActiveCfg = Release|Any CPU
		{9FAFD1F5-7E78-4E83-BB6E-804F3C521E74}.Release|x86.Build.0 = Release|Any CPU
		{A285D8C0-0162-4057-8806-55234A673E98}.Debug|Any CPU.ActiveCfg = Debug|Any CPU
		{A285D8C0-0162-4057-8806-55234A673E98}.Debug|Any CPU.Build.0 = Debug|Any CPU
		{A285D8C0-0162-4057-8806-55234A673E98}.Debug|x64.ActiveCfg = Debug|Any CPU
		{A285D8C0-0162-4057-8806-55234A673E98}.Debug|x64.Build.0 = Debug|Any CPU
		{A285D8C0-0162-4057-8806-55234A673E98}.Debug|x86.ActiveCfg = Debug|Any CPU
		{A285D8C0-0162-4057-8806-55234A673E98}.Debug|x86.Build.0 = Debug|Any CPU
		{A285D8C0-0162-4057-8806-55234A673E98}.Release|Any CPU.ActiveCfg = Release|Any CPU
		{A285D8C0-0162-4057-8806-55234A673E98}.Release|Any CPU.Build.0 = Release|Any CPU
		{A285D8C0-0162-4057-8806-55234A673E98}.Release|x64.ActiveCfg = Release|Any CPU
		{A285D8C0-0162-4057-8806-55234A673E98}.Release|x64.Build.0 = Release|Any CPU
		{A285D8C0-0162-4057-8806-55234A673E98}.Release|x86.ActiveCfg = Release|Any CPU
		{A285D8C0-0162-4057-8806-55234A673E98}.Release|x86.Build.0 = Release|Any CPU
		{7D7C21C2-06C2-487F-9680-3E43F0067C6B}.Debug|Any CPU.ActiveCfg = Debug|Any CPU
		{7D7C21C2-06C2-487F-9680-3E43F0067C6B}.Debug|Any CPU.Build.0 = Debug|Any CPU
		{7D7C21C2-06C2-487F-9680-3E43F0067C6B}.Debug|x64.ActiveCfg = Debug|Any CPU
		{7D7C21C2-06C2-487F-9680-3E43F0067C6B}.Debug|x64.Build.0 = Debug|Any CPU
		{7D7C21C2-06C2-487F-9680-3E43F0067C6B}.Debug|x86.ActiveCfg = Debug|Any CPU
		{7D7C21C2-06C2-487F-9680-3E43F0067C6B}.Debug|x86.Build.0 = Debug|Any CPU
		{7D7C21C2-06C2-487F-9680-3E43F0067C6B}.Release|Any CPU.ActiveCfg = Release|Any CPU
		{7D7C21C2-06C2-487F-9680-3E43F0067C6B}.Release|Any CPU.Build.0 = Release|Any CPU
		{7D7C21C2-06C2-487F-9680-3E43F0067C6B}.Release|x64.ActiveCfg = Release|Any CPU
		{7D7C21C2-06C2-487F-9680-3E43F0067C6B}.Release|x64.Build.0 = Release|Any CPU
		{7D7C21C2-06C2-487F-9680-3E43F0067C6B}.Release|x86.ActiveCfg = Release|Any CPU
		{7D7C21C2-06C2-487F-9680-3E43F0067C6B}.Release|x86.Build.0 = Release|Any CPU
		{8FF7C27D-72E3-4400-AA86-EB312588F426}.Debug|Any CPU.ActiveCfg = Debug|Any CPU
		{8FF7C27D-72E3-4400-AA86-EB312588F426}.Debug|Any CPU.Build.0 = Debug|Any CPU
		{8FF7C27D-72E3-4400-AA86-EB312588F426}.Debug|x64.ActiveCfg = Debug|Any CPU
		{8FF7C27D-72E3-4400-AA86-EB312588F426}.Debug|x64.Build.0 = Debug|Any CPU
		{8FF7C27D-72E3-4400-AA86-EB312588F426}.Debug|x86.ActiveCfg = Debug|Any CPU
		{8FF7C27D-72E3-4400-AA86-EB312588F426}.Debug|x86.Build.0 = Debug|Any CPU
		{8FF7C27D-72E3-4400-AA86-EB312588F426}.Release|Any CPU.ActiveCfg = Release|Any CPU
		{8FF7C27D-72E3-4400-AA86-EB312588F426}.Release|Any CPU.Build.0 = Release|Any CPU
		{8FF7C27D-72E3-4400-AA86-EB312588F426}.Release|x64.ActiveCfg = Release|Any CPU
		{8FF7C27D-72E3-4400-AA86-EB312588F426}.Release|x64.Build.0 = Release|Any CPU
		{8FF7C27D-72E3-4400-AA86-EB312588F426}.Release|x86.ActiveCfg = Release|Any CPU
		{8FF7C27D-72E3-4400-AA86-EB312588F426}.Release|x86.Build.0 = Release|Any CPU
		{46DAB892-78CE-40C4-9C57-F6E9FADD170C}.Debug|Any CPU.ActiveCfg = Debug|Any CPU
		{46DAB892-78CE-40C4-9C57-F6E9FADD170C}.Debug|Any CPU.Build.0 = Debug|Any CPU
		{46DAB892-78CE-40C4-9C57-F6E9FADD170C}.Debug|x64.ActiveCfg = Debug|Any CPU
		{46DAB892-78CE-40C4-9C57-F6E9FADD170C}.Debug|x64.Build.0 = Debug|Any CPU
		{46DAB892-78CE-40C4-9C57-F6E9FADD170C}.Debug|x86.ActiveCfg = Debug|Any CPU
		{46DAB892-78CE-40C4-9C57-F6E9FADD170C}.Debug|x86.Build.0 = Debug|Any CPU
		{46DAB892-78CE-40C4-9C57-F6E9FADD170C}.Release|Any CPU.ActiveCfg = Release|Any CPU
		{46DAB892-78CE-40C4-9C57-F6E9FADD170C}.Release|Any CPU.Build.0 = Release|Any CPU
		{46DAB892-78CE-40C4-9C57-F6E9FADD170C}.Release|x64.ActiveCfg = Release|Any CPU
		{46DAB892-78CE-40C4-9C57-F6E9FADD170C}.Release|x64.Build.0 = Release|Any CPU
		{46DAB892-78CE-40C4-9C57-F6E9FADD170C}.Release|x86.ActiveCfg = Release|Any CPU
		{46DAB892-78CE-40C4-9C57-F6E9FADD170C}.Release|x86.Build.0 = Release|Any CPU
		{6B1FCC8E-0321-4C4C-876D-915622C62715}.Debug|Any CPU.ActiveCfg = Debug|Any CPU
		{6B1FCC8E-0321-4C4C-876D-915622C62715}.Debug|Any CPU.Build.0 = Debug|Any CPU
		{6B1FCC8E-0321-4C4C-876D-915622C62715}.Debug|x64.ActiveCfg = Debug|Any CPU
		{6B1FCC8E-0321-4C4C-876D-915622C62715}.Debug|x64.Build.0 = Debug|Any CPU
		{6B1FCC8E-0321-4C4C-876D-915622C62715}.Debug|x86.ActiveCfg = Debug|Any CPU
		{6B1FCC8E-0321-4C4C-876D-915622C62715}.Debug|x86.Build.0 = Debug|Any CPU
		{6B1FCC8E-0321-4C4C-876D-915622C62715}.Release|Any CPU.ActiveCfg = Release|Any CPU
		{6B1FCC8E-0321-4C4C-876D-915622C62715}.Release|Any CPU.Build.0 = Release|Any CPU
		{6B1FCC8E-0321-4C4C-876D-915622C62715}.Release|x64.ActiveCfg = Release|Any CPU
		{6B1FCC8E-0321-4C4C-876D-915622C62715}.Release|x64.Build.0 = Release|Any CPU
		{6B1FCC8E-0321-4C4C-876D-915622C62715}.Release|x86.ActiveCfg = Release|Any CPU
		{6B1FCC8E-0321-4C4C-876D-915622C62715}.Release|x86.Build.0 = Release|Any CPU
	EndGlobalSection
	GlobalSection(SolutionProperties) = preSolution
		HideSolutionNode = FALSE
	EndGlobalSection
	GlobalSection(NestedProjects) = preSolution
		{D0AE727C-68E5-35A9-0821-39DD8B8E140B} = {A63383F6-DE8F-CADF-7427-074415075431}
		{9FAFD1F5-7E78-4E83-BB6E-804F3C521E74} = {D0AE727C-68E5-35A9-0821-39DD8B8E140B}
		{94FA2987-E715-36E5-3E14-1825DBBE6621} = {A63383F6-DE8F-CADF-7427-074415075431}
		{A285D8C0-0162-4057-8806-55234A673E98} = {94FA2987-E715-36E5-3E14-1825DBBE6621}
		{EFE19FF9-8007-3E27-C0D4-B9D16E6A623B} = {A63383F6-DE8F-CADF-7427-074415075431}
		{7D7C21C2-06C2-487F-9680-3E43F0067C6B} = {EFE19FF9-8007-3E27-C0D4-B9D16E6A623B}
		{19B880DA-2394-B7A2-BC64-4D9161B063DD} = {A63383F6-DE8F-CADF-7427-074415075431}
		{8FF7C27D-72E3-4400-AA86-EB312588F426} = {19B880DA-2394-B7A2-BC64-4D9161B063DD}
		{9B99F654-527D-DBB6-C3D9-33090DC2F723} = {A63383F6-DE8F-CADF-7427-074415075431}
		{6B1FCC8E-0321-4C4C-876D-915622C62715} = {9B99F654-527D-DBB6-C3D9-33090DC2F723}
	EndGlobalSection
	GlobalSection(ExtensibilityGlobals) = postSolution
		SolutionGuid = {0E2A1613-2AF1-4666-BD31-B30F53CB4BAC}
	EndGlobalSection
EndGlobal
