
Microsoft Visual Studio Solution File, Format Version 12.00
# Visual Studio Version 18
VisualStudioVersion = 18.3.11520.95
MinimumVisualStudioVersion = 10.0.40219.1
Project("{FAE04EC0-301F-11D3-BF4B-00C04F79EFBC}") = "MyApp", "MyApp\MyApp.csproj", "{D8495696-776F-DF62-4486-C5C1C6F08BD3}"
EndProject
Project("{2150E333-8FDC-42A3-9474-1A3956D46DE8}") = "课程项目", "课程项目", "{A63383F6-DE8F-CADF-7427-074415075431}"
EndProject
Project("{FAE04EC0-301F-11D3-BF4B-00C04F79EFBC}") = "ClickGame", "ClickGame\ClickGame.csproj", "{46DAB892-78CE-40C4-9C57-F6E9FADD170C}"
EndProject
Project("{FAE04EC0-301F-11D3-BF4B-00C04F79EFBC}") = "st06", "st\st06\st06.csproj", "{323F7899-16D3-4030-852C-805E6EF0F284}"
EndProject
Project("{FAE04EC0-301F-11D3-BF4B-00C04F79EFBC}") = "st07", "st\st07\st07.csproj", "{83766F32-1E1E-0783-20B6-6082CC2B2C2A}"
EndProject
Project("{FAE04EC0-301F-11D3-BF4B-00C04F79EFBC}") = "st05", "st\st05\st05.csproj", "{1BFA17F6-3171-876C-2546-530785562A2E}"
EndProject
Project("{FAE04EC0-301F-11D3-BF4B-00C04F79EFBC}") = "st04", "st\st04\st04.csproj", "{1FF951E1-9CDC-4BEC-72E9-76FD40716655}"
EndProject
Project("{FAE04EC0-301F-11D3-BF4B-00C04F79EFBC}") = "st03", "st\st03\st03.csproj", "{A064F4BF-D518-5DC4-515A-3B4D803BA616}"
EndProject
Project("{FAE04EC0-301F-11D3-BF4B-00C04F79EFBC}") = "st02", "st\st02\st02.csproj", "{3D04AA62-C8B8-DBFD-C6A5-967E0D8C8174}"
EndProject
Project("{FAE04EC0-301F-11D3-BF4B-00C04F79EFBC}") = "st01", "st\st01\st01.csproj", "{6F40D9CE-D4F4-1A5D-3AD2-5FB1B2A325EC}"
EndProject
Project("{2150E333-8FDC-42A3-9474-1A3956D46DE8}") = "测试", "测试", "{373E0A79-F563-4E65-871E-DC7AED238961}"
EndProject
Project("{2150E333-8FDC-42A3-9474-1A3956D46DE8}") = "tool", "tool", "{C2B7AC55-755F-98EC-7131-AA75D4EC5C29}"
EndProject
Project("{FAE04EC0-301F-11D3-BF4B-00C04F79EFBC}") = "BencodeToJson", "tool\BencodeToJson\BencodeToJson.csproj", "{2E2BAFB5-BA5E-436D-9D98-C2D64F220703}"
EndProject
Project("{2150E333-8FDC-42A3-9474-1A3956D46DE8}") = "st", "st", "{FA6C9391-1452-4A4C-9428-2E0C2DDE31E7}"
EndProject
Project("{FAE04EC0-301F-11D3-BF4B-00C04F79EFBC}") = "st09", "st\st09\st09.csproj", "{0D2E2C8D-04C0-4ED1-A1FE-B43416E9022A}"
EndProject
Project("{2150E333-8FDC-42A3-9474-1A3956D46DE8}") = "st08", "st08", "{AF8ADEEF-08D9-4999-98C4-F51456DB06A9}"
EndProject
Project("{FAE04EC0-301F-11D3-BF4B-00C04F79EFBC}") = "Calc", "st\st08\Calc\Calc.csproj", "{1CD0B5CD-6535-42CF-BD36-E07299A95D1E}"
EndProject
Project("{FAE04EC0-301F-11D3-BF4B-00C04F79EFBC}") = "TorrentManager", "tool\TorrentManager\TorrentManager.csproj", "{0D41E026-FE0B-4AA7-BB14-1EAD7801312E}"
EndProject
Project("{FAE04EC0-301F-11D3-BF4B-00C04F79EFBC}") = "TorrentManager.Tests", "tool\TorrentManager.Tests\TorrentManager.Tests.csproj", "{E9B3B2D3-6C53-4F22-AF4E-C5F20737F14C}"
EndProject
Project("{2150E333-8FDC-42A3-9474-1A3956D46DE8}") = "st10", "st10", "{1B593C75-7656-9796-70DE-E948BB09FC38}"
EndProject
Project("{FAE04EC0-301F-11D3-BF4B-00C04F79EFBC}") = "Collection", "st\st10\Collection\Collection.csproj", "{5B8D9348-7046-4814-8750-13082CD3F370}"
EndProject
Project("{FAE04EC0-301F-11D3-BF4B-00C04F79EFBC}") = "ToDoConsole", "st\st10\ToDoConsole\ToDoConsole.csproj", "{FA61F927-9294-46C9-884A-D5B53E80CD7F}"
EndProject
Global
	GlobalSection(SolutionConfigurationPlatforms) = preSolution
		Debug|Any CPU = Debug|Any CPU
		Debug|x64 = Debug|x64
		Debug|x86 = Debug|x86
		Release|Any CPU = Release|Any CPU
		Release|x64 = Release|x64
		Release|x86 = Release|x86
	EndGlobalSection
	GlobalSection(ProjectConfigurationPlatforms) = postSolution
		{D8495696-776F-DF62-4486-C5C1C6F08BD3}.Debug|Any CPU.ActiveCfg = Debug|Any CPU
		{D8495696-776F-DF62-4486-C5C1C6F08BD3}.Debug|Any CPU.Build.0 = Debug|Any CPU
		{D8495696-776F-DF62-4486-C5C1C6F08BD3}.Debug|x64.ActiveCfg = Debug|Any CPU
		{D8495696-776F-DF62-4486-C5C1C6F08BD3}.Debug|x64.Build.0 = Debug|Any CPU
		{D8495696-776F-DF62-4486-C5C1C6F08BD3}.Debug|x86.ActiveCfg = Debug|Any CPU
		{D8495696-776F-DF62-4486-C5C1C6F08BD3}.Debug|x86.Build.0 = Debug|Any CPU
		{D8495696-776F-DF62-4486-C5C1C6F08BD3}.Release|Any CPU.ActiveCfg = Release|Any CPU
		{D8495696-776F-DF62-4486-C5C1C6F08BD3}.Release|Any CPU.Build.0 = Release|Any CPU
		{D8495696-776F-DF62-4486-C5C1C6F08BD3}.Release|x64.ActiveCfg = Release|Any CPU
		{D8495696-776F-DF62-4486-C5C1C6F08BD3}.Release|x64.Build.0 = Release|Any CPU
		{D8495696-776F-DF62-4486-C5C1C6F08BD3}.Release|x86.ActiveCfg = Release|Any CPU
		{D8495696-776F-DF62-4486-C5C1C6F08BD3}.Release|x86.Build.0 = Release|Any CPU
		{46DAB892-78CE-40C4-9C57-F6E9FADD170C}.Debug|Any CPU.ActiveCfg = Debug|Any CPU
		{46DAB892-78CE-40C4-9C57-F6E9FADD170C}.Debug|Any CPU.Build.0 = Debug|Any CPU
		{46DAB892-78CE-40C4-9C57-F6E9FADD170C}.Debug|x64.ActiveCfg = Debug|Any CPU
		{46DAB892-78CE-40C4-9C57-F6E9FADD170C}.Debug|x64.Build.0 = Debug|Any CPU
		{46DAB892-78CE-40C4-9C57-F6E9FADD170C}.Debug|x86.ActiveCfg = Debug|Any CPU
		{46DAB892-78CE-40C4-9C57-F6E9FADD170C}.Debug|x86.Build.0 = Debug|Any CPU
		{46DAB892-78CE-40C4-9C57-F6E9FADD170C}.Release|Any CPU.ActiveCfg = Release|Any CPU
		{46DAB892-78CE-40C4-9C57-F6E9FADD170C}.Release|Any CPU.Build.0 = Release|Any CPU
		{46DAB892-78CE-40C4-9C57-F6E9FADD170C}.Release|x64.ActiveCfg = Release|Any CPU
		{46DAB892-78CE-40C4-9C57-F6E9FADD170C}.Release|x64.Build.0 = Release|Any CPU
		{46DAB892-78CE-40C4-9C57-F6E9FADD170C}.Release|x86.ActiveCfg = Release|Any CPU
		{46DAB892-78CE-40C4-9C57-F6E9FADD170C}.Release|x86.Build.0 = Release|Any CPU
		{323F7899-16D3-4030-852C-805E6EF0F284}.Debug|Any CPU.ActiveCfg = Debug|Any CPU
		{323F7899-16D3-4030-852C-805E6EF0F284}.Debug|Any CPU.Build.0 = Debug|Any CPU
		{323F7899-16D3-4030-852C-805E6EF0F284}.Debug|x64.ActiveCfg = Debug|Any CPU
		{323F7899-16D3-4030-852C-805E6EF0F284}.Debug|x64.Build.0 = Debug|Any CPU
		{323F7899-16D3-4030-852C-805E6EF0F284}.Debug|x86.ActiveCfg = Debug|Any CPU
		{323F7899-16D3-4030-852C-805E6EF0F284}.Debug|x86.Build.0 = Debug|Any CPU
		{323F7899-16D3-4030-852C-805E6EF0F284}.Release|Any CPU.ActiveCfg = Release|Any CPU
		{323F7899-16D3-4030-852C-805E6EF0F284}.Release|Any CPU.Build.0 = Release|Any CPU
		{323F7899-16D3-4030-852C-805E6EF0F284}.Release|x64.ActiveCfg = Release|Any CPU
		{323F7899-16D3-4030-852C-805E6EF0F284}.Release|x64.Build.0 = Release|Any CPU
		{323F7899-16D3-4030-852C-805E6EF0F284}.Release|x86.ActiveCfg = Release|Any CPU
		{323F7899-16D3-4030-852C-805E6EF0F284}.Release|x86.Build.0 = Release|Any CPU
		{83766F32-1E1E-0783-20B6-6082CC2B2C2A}.Debug|Any CPU.ActiveCfg = Debug|Any CPU
		{83766F32-1E1E-0783-20B6-6082CC2B2C2A}.Debug|Any CPU.Build.0 = Debug|Any CPU
		{83766F32-1E1E-0783-20B6-6082CC2B2C2A}.Debug|x64.ActiveCfg = Debug|Any CPU
		{83766F32-1E1E-0783-20B6-6082CC2B2C2A}.Debug|x64.Build.0 = Debug|Any CPU
		{83766F32-1E1E-0783-20B6-6082CC2B2C2A}.Debug|x86.ActiveCfg = Debug|Any CPU
		{83766F32-1E1E-0783-20B6-6082CC2B2C2A}.Debug|x86.Build.0 = Debug|Any CPU
		{83766F32-1E1E-0783-20B6-6082CC2B2C2A}.Release|Any CPU.ActiveCfg = Release|Any CPU
		{83766F32-1E1E-0783-20B6-6082CC2B2C2A}.Release|Any CPU.Build.0 = Release|Any CPU
		{83766F32-1E1E-0783-20B6-6082CC2B2C2A}.Release|x64.ActiveCfg = Release|Any CPU
		{83766F32-1E1E-0783-20B6-6082CC2B2C2A}.Release|x64.Build.0 = Release|Any CPU
		{83766F32-1E1E-0783-20B6-6082CC2B2C2A}.Release|x86.ActiveCfg = Release|Any CPU
		{83766F32-1E1E-0783-20B6-6082CC2B2C2A}.Release|x86.Build.0 = Release|Any CPU
		{1BFA17F6-3171-876C-2546-530785562A2E}.Debug|Any CPU.ActiveCfg = Debug|Any CPU
		{1BFA17F6-3171-876C-2546-530785562A2E}.Debug|Any CPU.Build.0 = Debug|Any CPU
		{1BFA17F6-3171-876C-2546-530785562A2E}.Debug|x64.ActiveCfg = Debug|Any CPU
		{1BFA17F6-3171-876C-2546-530785562A2E}.Debug|x64.Build.0 = Debug|Any CPU
		{1BFA17F6-3171-876C-2546-530785562A2E}.Debug|x86.ActiveCfg = Debug|Any CPU
		{1BFA17F6-3171-876C-2546-530785562A2E}.Debug|x86.Build.0 = Debug|Any CPU
		{1BFA17F6-3171-876C-2546-530785562A2E}.Release|Any CPU.ActiveCfg = Release|Any CPU
		{1BFA17F6-3171-876C-2546-530785562A2E}.Release|Any CPU.Build.0 = Release|Any CPU
		{1BFA17F6-3171-876C-2546-530785562A2E}.Release|x64.ActiveCfg = Release|Any CPU
		{1BFA17F6-3171-876C-2546-530785562A2E}.Release|x64.Build.0 = Release|Any CPU
		{1BFA17F6-3171-876C-2546-530785562A2E}.Release|x86.ActiveCfg = Release|Any CPU
		{1BFA17F6-3171-876C-2546-530785562A2E}.Release|x86.Build.0 = Release|Any CPU
		{1FF951E1-9CDC-4BEC-72E9-76FD40716655}.Debug|Any CPU.ActiveCfg = Debug|Any CPU
		{1FF951E1-9CDC-4BEC-72E9-76FD40716655}.Debug|Any CPU.Build.0 = Debug|Any CPU
		{1FF951E1-9CDC-4BEC-72E9-76FD40716655}.Debug|x64.ActiveCfg = Debug|Any CPU
		{1FF951E1-9CDC-4BEC-72E9-76FD40716655}.Debug|x64.Build.0 = Debug|Any CPU
		{1FF951E1-9CDC-4BEC-72E9-76FD40716655}.Debug|x86.ActiveCfg = Debug|Any CPU
		{1FF951E1-9CDC-4BEC-72E9-76FD40716655}.Debug|x86.Build.0 = Debug|Any CPU
		{1FF951E1-9CDC-4BEC-72E9-76FD40716655}.Release|Any CPU.ActiveCfg = Release|Any CPU
		{1FF951E1-9CDC-4BEC-72E9-76FD40716655}.Release|Any CPU.Build.0 = Release|Any CPU
		{1FF951E1-9CDC-4BEC-72E9-76FD40716655}.Release|x64.ActiveCfg = Release|Any CPU
		{1FF951E1-9CDC-4BEC-72E9-76FD40716655}.Release|x64.Build.0 = Release|Any CPU
		{1FF951E1-9CDC-4BEC-72E9-76FD40716655}.Release|x86.ActiveCfg = Release|Any CPU
		{1FF951E1-9CDC-4BEC-72E9-76FD40716655}.Release|x86.Build.0 = Release|Any CPU
		{A064F4BF-D518-5DC4-515A-3B4D803BA616}.Debug|Any CPU.ActiveCfg = Debug|Any CPU
		{A064F4BF-D518-5DC4-515A-3B4D803BA616}.Debug|Any CPU.Build.0 = Debug|Any CPU
		{A064F4BF-D518-5DC4-515A-3B4D803BA616}.Debug|x64.ActiveCfg = Debug|Any CPU
		{A064F4BF-D518-5DC4-515A-3B4D803BA616}.Debug|x64.Build.0 = Debug|Any CPU
		{A064F4BF-D518-5DC4-515A-3B4D803BA616}.Debug|x86.ActiveCfg = Debug|Any CPU
		{A064F4BF-D518-5DC4-515A-3B4D803BA616}.Debug|x86.Build.0 = Debug|Any CPU
		{A064F4BF-D518-5DC4-515A-3B4D803BA616}.Release|Any CPU.ActiveCfg = Release|Any CPU
		{A064F4BF-D518-5DC4-515A-3B4D803BA616}.Release|Any CPU.Build.0 = Release|Any CPU
		{A064F4BF-D518-5DC4-515A-3B4D803BA616}.Release|x64.ActiveCfg = Release|Any CPU
		{A064F4BF-D518-5DC4-515A-3B4D803BA616}.Release|x64.Build.0 = Release|Any CPU
		{A064F4BF-D518-5DC4-515A-3B4D803BA616}.Release|x86.ActiveCfg = Release|Any CPU
		{A064F4BF-D518-5DC4-515A-3B4D803BA616}.Release|x86.Build.0 = Release|Any CPU
		{3D04AA62-C8B8-DBFD-C6A5-967E0D8C8174}.Debug|Any CPU.ActiveCfg = Debug|Any CPU
		{3D04AA62-C8B8-DBFD-C6A5-967E0D8C8174}.Debug|Any CPU.Build.0 = Debug|Any CPU
		{3D04AA62-C8B8-DBFD-C6A5-967E0D8C8174}.Debug|x64.ActiveCfg = Debug|Any CPU
		{3D04AA62-C8B8-DBFD-C6A5-967E0D8C8174}.Debug|x64.Build.0 = Debug|Any CPU
		{3D04AA62-C8B8-DBFD-C6A5-967E0D8C8174}.Debug|x86.ActiveCfg = Debug|Any CPU
		{3D04AA62-C8B8-DBFD-C6A5-967E0D8C8174}.Debug|x86.Build.0 = Debug|Any CPU
		{3D04AA62-C8B8-DBFD-C6A5-967E0D8C8174}.Release|Any CPU.ActiveCfg = Release|Any CPU
		{3D04AA62-C8B8-DBFD-C6A5-967E0D8C8174}.Release|Any CPU.Build.0 = Release|Any CPU
		{3D04AA62-C8B8-DBFD-C6A5-967E0D8C8174}.Release|x64.ActiveCfg = Release|Any CPU
		{3D04AA62-C8B8-DBFD-C6A5-967E0D8C8174}.Release|x64.Build.0 = Release|Any CPU
		{3D04AA62-C8B8-DBFD-C6A5-967E0D8C8174}.Release|x86.ActiveCfg = Release|Any CPU
		{3D04AA62-C8B8-DBFD-C6A5-967E0D8C8174}.Release|x86.Build.0 = Release|Any CPU
		{6F40D9CE-D4F4-1A5D-3AD2-5FB1B2A325EC}.Debug|Any CPU.ActiveCfg = Debug|Any CPU
		{6F40D9CE-D4F4-1A5D-3AD2-5FB1B2A325EC}.Debug|Any CPU.Build.0 = Debug|Any CPU
		{6F40D9CE-D4F4-1A5D-3AD2-5FB1B2A325EC}.Debug|x64.ActiveCfg = Debug|Any CPU
		{6F40D9CE-D4F4-1A5D-3AD2-5FB1B2A325EC}.Debug|x64.Build.0 = Debug|Any CPU
		{6F40D9CE-D4F4-1A5D-3AD2-5FB1B2A325EC}.Debug|x86.ActiveCfg = Debug|Any CPU
		{6F40D9CE-D4F4-1A5D-3AD2-5FB1B2A325EC}.Debug|x86.Build.0 = Debug|Any CPU
		{6F40D9CE-D4F4-1A5D-3AD2-5FB1B2A325EC}.Release|Any CPU.ActiveCfg = Release|Any CPU
		{6F40D9CE-D4F4-1A5D-3AD2-5FB1B2A325EC}.Release|Any CPU.Build.0 = Release|Any CPU
		{6F40D9CE-D4F4-1A5D-3AD2-5FB1B2A325EC}.Release|x64.ActiveCfg = Release|Any CPU
		{6F40D9CE-D4F4-1A5D-3AD2-5FB1B2A325EC}.Release|x64.Build.0 = Release|Any CPU
		{6F40D9CE-D4F4-1A5D-3AD2-5FB1B2A325EC}.Release|x86.ActiveCfg = Release|Any CPU
		{6F40D9CE-D4F4-1A5D-3AD2-5FB1B2A325EC}.Release|x86.Build.0 = Release|Any CPU
		{2E2BAFB5-BA5E-436D-9D98-C2D64F220703}.Debug|Any CPU.ActiveCfg = Debug|Any CPU
		{2E2BAFB5-BA5E-436D-9D98-C2D64F220703}.Debug|Any CPU.Build.0 = Debug|Any CPU
		{2E2BAFB5-BA5E-436D-9D98-C2D64F220703}.Debug|x64.ActiveCfg = Debug|Any CPU
		{2E2BAFB5-BA5E-436D-9D98-C2D64F220703}.Debug|x64.Build.0 = Debug|Any CPU
		{2E2BAFB5-BA5E-436D-9D98-C2D64F220703}.Debug|x86.ActiveCfg = Debug|Any CPU
		{2E2BAFB5-BA5E-436D-9D98-C2D64F220703}.Debug|x86.Build.0 = Debug|Any CPU
		{2E2BAFB5-BA5E-436D-9D98-C2D64F220703}.Release|Any CPU.ActiveCfg = Release|Any CPU
		{2E2BAFB5-BA5E-436D-9D98-C2D64F220703}.Release|Any CPU.Build.0 = Release|Any CPU
		{2E2BAFB5-BA5E-436D-9D98-C2D64F220703}.Release|x64.ActiveCfg = Release|Any CPU
		{2E2BAFB5-BA5E-436D-9D98-C2D64F220703}.Release|x64.Build.0 = Release|Any CPU
		{2E2BAFB5-BA5E-436D-9D98-C2D64F220703}.Release|x86.ActiveCfg = Release|Any CPU
		{2E2BAFB5-BA5E-436D-9D98-C2D64F220703}.Release|x86.Build.0 = Release|Any CPU
		{0D2E2C8D-04C0-4ED1-A1FE-B43416E9022A}.Debug|Any CPU.ActiveCfg = Debug|Any CPU
		{0D2E2C8D-04C0-4ED1-A1FE-B43416E9022A}.Debug|Any CPU.Build.0 = Debug|Any CPU
		{0D2E2C8D-04C0-4ED1-A1FE-B43416E9022A}.Debug|x64.ActiveCfg = Debug|Any CPU
		{0D2E2C8D-04C0-4ED1-A1FE-B43416E9022A}.Debug|x64.Build.0 = Debug|Any CPU
		{0D2E2C8D-04C0-4ED1-A1FE-B43416E9022A}.Debug|x86.ActiveCfg = Debug|Any CPU
		{0D2E2C8D-04C0-4ED1-A1FE-B43416E9022A}.Debug|x86.Build.0 = Debug|Any CPU
		{0D2E2C8D-04C0-4ED1-A1FE-B43416E9022A}.Release|Any CPU.ActiveCfg = Release|Any CPU
		{0D2E2C8D-04C0-4ED1-A1FE-B43416E9022A}.Release|Any CPU.Build.0 = Release|Any CPU
		{0D2E2C8D-04C0-4ED1-A1FE-B43416E9022A}.Release|x64.ActiveCfg = Release|Any CPU
		{0D2E2C8D-04C0-4ED1-A1FE-B43416E9022A}.Release|x64.Build.0 = Release|Any CPU
		{0D2E2C8D-04C0-4ED1-A1FE-B43416E9022A}.Release|x86.ActiveCfg = Release|Any CPU
		{0D2E2C8D-04C0-4ED1-A1FE-B43416E9022A}.Release|x86.Build.0 = Release|Any CPU
		{1CD0B5CD-6535-42CF-BD36-E07299A95D1E}.Debug|Any CPU.ActiveCfg = Debug|Any CPU
		{1CD0B5CD-6535-42CF-BD36-E07299A95D1E}.Debug|Any CPU.Build.0 = Debug|Any CPU
		{1CD0B5CD-6535-42CF-BD36-E07299A95D1E}.Debug|x64.ActiveCfg = Debug|Any CPU
		{1CD0B5CD-6535-42CF-BD36-E07299A95D1E}.Debug|x64.Build.0 = Debug|Any CPU
		{1CD0B5CD-6535-42CF-BD36-E07299A95D1E}.Debug|x86.ActiveCfg = Debug|Any CPU
		{1CD0B5CD-6535-42CF-BD36-E07299A95D1E}.Debug|x86.Build.0 = Debug|Any CPU
		{1CD0B5CD-6535-42CF-BD36-E07299A95D1E}.Release|Any CPU.ActiveCfg = Release|Any CPU
		{1CD0B5CD-6535-42CF-BD36-E07299A95D1E}.Release|Any CPU.Build.0 = Release|Any CPU
		{1CD0B5CD-6535-42CF-BD36-E07299A95D1E}.Release|x64.ActiveCfg = Release|Any CPU
		{1CD0B5CD-6535-42CF-BD36-E07299A95D1E}.Release|x64.Build.0 = Release|Any CPU
		{1CD0B5CD-6535-42CF-BD36-E07299A95D1E}.Release|x86.ActiveCfg = Release|Any CPU
		{1CD0B5CD-6535-42CF-BD36-E07299A95D1E}.Release|x86.Build.0 = Release|Any CPU
		{0D41E026-FE0B-4AA7-BB14-1EAD7801312E}.Debug|Any CPU.ActiveCfg = Debug|Any CPU
		{0D41E026-FE0B-4AA7-BB14-1EAD7801312E}.Debug|Any CPU.Build.0 = Debug|Any CPU
		{0D41E026-FE0B-4AA7-BB14-1EAD7801312E}.Debug|x64.ActiveCfg = Debug|Any CPU
		{0D41E026-FE0B-4AA7-BB14-1EAD7801312E}.Debug|x64.Build.0 = Debug|Any CPU
		{0D41E026-FE0B-4AA7-BB14-1EAD7801312E}.Debug|x86.ActiveCfg = Debug|Any CPU
		{0D41E026-FE0B-4AA7-BB14-1EAD7801312E}.Debug|x86.Build.0 = Debug|Any CPU
		{0D41E026-FE0B-4AA7-BB14-1EAD7801312E}.Release|Any CPU.ActiveCfg = Release|Any CPU
		{0D41E026-FE0B-4AA7-BB14-1EAD7801312E}.Release|Any CPU.Build.0 = Release|Any CPU
		{0D41E026-FE0B-4AA7-BB14-1EAD7801312E}.Release|x64.ActiveCfg = Release|Any CPU
		{0D41E026-FE0B-4AA7-BB14-1EAD7801312E}.Release|x64.Build.0 = Release|Any CPU
		{0D41E026-FE0B-4AA7-BB14-1EAD7801312E}.Release|x86.ActiveCfg = Release|Any CPU
		{0D41E026-FE0B-4AA7-BB14-1EAD7801312E}.Release|x86.Build.0 = Release|Any CPU
		{E9B3B2D3-6C53-4F22-AF4E-C5F20737F14C}.Debug|Any CPU.ActiveCfg = Debug|Any CPU
		{E9B3B2D3-6C53-4F22-AF4E-C5F20737F14C}.Debug|Any CPU.Build.0 = Debug|Any CPU
		{E9B3B2D3-6C53-4F22-AF4E-C5F20737F14C}.Debug|x64.ActiveCfg = Debug|Any CPU
		{E9B3B2D3-6C53-4F22-AF4E-C5F20737F14C}.Debug|x64.Build.0 = Debug|Any CPU
		{E9B3B2D3-6C53-4F22-AF4E-C5F20737F14C}.Debug|x86.ActiveCfg = Debug|Any CPU
		{E9B3B2D3-6C53-4F22-AF4E-C5F20737F14C}.Debug|x86.Build.0 = Debug|Any CPU
		{E9B3B2D3-6C53-4F22-AF4E-C5F20737F14C}.Release|Any CPU.ActiveCfg = Release|Any CPU
		{E9B3B2D3-6C53-4F22-AF4E-C5F20737F14C}.Release|Any CPU.Build.0 = Release|Any CPU
		{E9B3B2D3-6C53-4F22-AF4E-C5F20737F14C}.Release|x64.ActiveCfg = Release|Any CPU
		{E9B3B2D3-6C53-4F22-AF4E-C5F20737F14C}.Release|x64.Build.0 = Release|Any CPU
		{E9B3B2D3-6C53-4F22-AF4E-C5F20737F14C}.Release|x86.ActiveCfg = Release|Any CPU
		{E9B3B2D3-6C53-4F22-AF4E-C5F20737F14C}.Release|x86.Build.0 = Release|Any CPU
		{5B8D9348-7046-4814-8750-13082CD3F370}.Debug|Any CPU.ActiveCfg = Debug|Any CPU
		{5B8D9348-7046-4814-8750-13082CD3F370}.Debug|Any CPU.Build.0 = Debug|Any CPU
		{5B8D9348-7046-4814-8750-13082CD3F370}.Debug|x64.ActiveCfg = Debug|Any CPU
		{5B8D9348-7046-4814-8750-13082CD3F370}.Debug|x64.Build.0 = Debug|Any CPU
		{5B8D9348-7046-4814-8750-13082CD3F370}.Debug|x86.ActiveCfg = Debug|Any CPU
		{5B8D9348-7046-4814-8750-13082CD3F370}.Debug|x86.Build.0 = Debug|Any CPU
		{5B8D9348-7046-4814-8750-13082CD3F370}.Release|Any CPU.ActiveCfg = Release|Any CPU
		{5B8D9348-7046-4814-8750-13082CD3F370}.Release|Any CPU.Build.0 = Release|Any CPU
		{5B8D9348-7046-4814-8750-13082CD3F370}.Release|x64.ActiveCfg = Release|Any CPU
		{5B8D9348-7046-4814-8750-13082CD3F370}.Release|x64.Build.0 = Release|Any CPU
		{5B8D9348-7046-4814-8750-13082CD3F370}.Release|x86.ActiveCfg = Release|Any CPU
		{5B8D9348-7046-4814-8750-13082CD3F370}.Release|x86.Build.0 = Release|Any CPU
		{FA61F927-9294-46C9-884A-D5B53E80CD7F}.Debug|Any CPU.ActiveCfg = Debug|Any CPU
		{FA61F927-9294-46C9-884A-D5B53E80CD7F}.Debug|Any CPU.Build.0 = Debug|Any CPU
		{FA61F927-9294-46C9-884A-D5B53E80CD7F}.Debug|x64.ActiveCfg = Debug|Any CPU
		{FA61F927-9294-46C9-884A-D5B53E80CD7F}.Debug|x64.Build.0 = Debug|Any CPU
		{FA61F927-9294-46C9-884A-D5B53E80CD7F}.Debug|x86.ActiveCfg = Debug|Any CPU
		{FA61F927-9294-46C9-884A-D5B53E80CD7F}.Debug|x86.Build.0 = Debug|Any CPU
		{FA61F927-9294-46C9-884A-D5B53E80CD7F}.Release|Any CPU.ActiveCfg = Release|Any CPU
		{FA61F927-9294-46C9-884A-D5B53E80CD7F}.Release|Any CPU.Build.0 = Release|Any CPU
		{FA61F927-9294-46C9-884A-D5B53E80CD7F}.Release|x64.ActiveCfg = Release|Any CPU
		{FA61F927-9294-46C9-884A-D5B53E80CD7F}.Release|x64.Build.0 = Release|Any CPU
		{FA61F927-9294-46C9-884A-D5B53E80CD7F}.Release|x86.ActiveCfg = Release|Any CPU
		{FA61F927-9294-46C9-884A-D5B53E80CD7F}.Release|x86.Build.0 = Release|Any CPU
	EndGlobalSection
	GlobalSection(SolutionProperties) = preSolution
		HideSolutionNode = FALSE
	EndGlobalSection
	GlobalSection(NestedProjects) = preSolution
		{D8495696-776F-DF62-4486-C5C1C6F08BD3} = {373E0A79-F563-4E65-871E-DC7AED238961}
		{46DAB892-78CE-40C4-9C57-F6E9FADD170C} = {373E0A79-F563-4E65-871E-DC7AED238961}
		{323F7899-16D3-4030-852C-805E6EF0F284} = {A63383F6-DE8F-CADF-7427-074415075431}
		{83766F32-1E1E-0783-20B6-6082CC2B2C2A} = {A63383F6-DE8F-CADF-7427-074415075431}
		{1BFA17F6-3171-876C-2546-530785562A2E} = {A63383F6-DE8F-CADF-7427-074415075431}
		{1FF951E1-9CDC-4BEC-72E9-76FD40716655} = {A63383F6-DE8F-CADF-7427-074415075431}
		{A064F4BF-D518-5DC4-515A-3B4D803BA616} = {A63383F6-DE8F-CADF-7427-074415075431}
		{3D04AA62-C8B8-DBFD-C6A5-967E0D8C8174} = {A63383F6-DE8F-CADF-7427-074415075431}
		{6F40D9CE-D4F4-1A5D-3AD2-5FB1B2A325EC} = {A63383F6-DE8F-CADF-7427-074415075431}
		{2E2BAFB5-BA5E-436D-9D98-C2D64F220703} = {C2B7AC55-755F-98EC-7131-AA75D4EC5C29}
		{0D2E2C8D-04C0-4ED1-A1FE-B43416E9022A} = {FA6C9391-1452-4A4C-9428-2E0C2DDE31E7}
		{AF8ADEEF-08D9-4999-98C4-F51456DB06A9} = {FA6C9391-1452-4A4C-9428-2E0C2DDE31E7}
		{1CD0B5CD-6535-42CF-BD36-E07299A95D1E} = {AF8ADEEF-08D9-4999-98C4-F51456DB06A9}
		{0D41E026-FE0B-4AA7-BB14-1EAD7801312E} = {C2B7AC55-755F-98EC-7131-AA75D4EC5C29}
		{E9B3B2D3-6C53-4F22-AF4E-C5F20737F14C} = {C2B7AC55-755F-98EC-7131-AA75D4EC5C29}
		{1B593C75-7656-9796-70DE-E948BB09FC38} = {FA6C9391-1452-4A4C-9428-2E0C2DDE31E7}
		{5B8D9348-7046-4814-8750-13082CD3F370} = {1B593C75-7656-9796-70DE-E948BB09FC38}
		{FA61F927-9294-46C9-884A-D5B53E80CD7F} = {1B593C75-7656-9796-70DE-E948BB09FC38}
	EndGlobalSection
	GlobalSection(ExtensibilityGlobals) = postSolution
		SolutionGuid = {0E2A1613-2AF1-4666-BD31-B30F53CB4BAC}
	EndGlobalSection
EndGlobal
